
Microsoft Visual Studio Solution File, Format Version 12.00
# Visual Studio Version 16
VisualStudioVersion = 16.0.31515.178
MinimumVisualStudioVersion = 10.0.40219.1
Project("{FAE04EC0-301F-11D3-BF4B-00C04F79EFBC}") = "Eventually", "Eventually\Eventually.csproj", "{2F2DF5AD-8804-46EA-B030-F4E175BEB49E}"
EndProject
Global
	GlobalSection(SolutionConfigurationPlatforms) = preSolution
		Debug|Any CPU = Debug|Any CPU
		Release|Any CPU = Release|Any CPU
	EndGlobalSection
	GlobalSection(ProjectConfigurationPlatforms) = postSolution
		{2F2DF5AD-8804-46EA-B030-F4E175BEB49E}.Debug|Any CPU.ActiveCfg = Debug|Any CPU
		{2F2DF5AD-8804-46EA-B030-F4E175BEB49E}.Debug|Any CPU.Build.0 = Debug|Any CPU
		{2F2DF5AD-8804-46EA-B030-F4E175BEB49E}.Release|Any CPU.ActiveCfg = Release|Any CPU
		{2F2DF5AD-8804-46EA-B030-F4E175BEB49E}.Release|Any CPU.Build.0 = Release|Any CPU
	EndGlobalSection
	GlobalSection(SolutionProperties) = preSolution
		HideSolutionNode = FALSE
	EndGlobalSection
	GlobalSection(ExtensibilityGlobals) = postSolution
		SolutionGuid = {839610A2-02B4-4DD8-ACFA-1A2A14B49A4C}
	EndGlobalSection
EndGlobal
